
Microsoft Visual Studio Solution File, Format Version 12.00
# Visual Studio Version 16
VisualStudioVersion = 16.0.31515.178
MinimumVisualStudioVersion = 10.0.40219.1
Project("{FAE04EC0-301F-11D3-BF4B-00C04F79EFBC}") = "LifeSharp", "LifeSharp.csproj", "{84B1CCC6-AC3C-4E38-901C-6E83DB0D353B}"
EndProject
Global
	GlobalSection(SolutionConfigurationPlatforms) = preSolution
		Debug|Any CPU = Debug|Any CPU
		Release|Any CPU = Release|Any CPU
	EndGlobalSection
	GlobalSection(ProjectConfigurationPlatforms) = postSolution
		{84B1CCC6-AC3C-4E38-901C-6E83DB0D353B}.Debug|Any CPU.ActiveCfg = Debug|Any CPU
		{84B1CCC6-AC3C-4E38-901C-6E83DB0D353B}.Debug|Any CPU.Build.0 = Debug|Any CPU
		{84B1CCC6-AC3C-4E38-901C-6E83DB0D353B}.Release|Any CPU.ActiveCfg = Release|Any CPU
		{84B1CCC6-AC3C-4E38-901C-6E83DB0D353B}.Release|Any CPU.Build.0 = Release|Any CPU
	EndGlobalSection
	GlobalSection(SolutionProperties) = preSolution
		HideSolutionNode = FALSE
	EndGlobalSection
	GlobalSection(ExtensibilityGlobals) = postSolution
		SolutionGuid = {2B059BAA-2CEB-4D76-8DF4-DD22066708DD}
	EndGlobalSection
EndGlobal
